// !$*UTF8*$!
{
	archiveVersion = 1;
	classes = {
	};
	objectVersion = 56;
	objects = {

/* Begin PBXBuildFile section */
		1B0100000000000000000B01 /* main.swift in Sources */ = {isa = PBXBuildFile; fileRef = 1A01000000000000000000F1 /* main.swift */; };
		1B0200000000000000000B02 /* AppDelegate.swift in Sources */ = {isa = PBXBuildFile; fileRef = 1A02000000000000000000F2 /* AppDelegate.swift */; };
		1B0300000000000000000B03 /* SimulatorTabController.swift in Sources */ = {isa = PBXBuildFile; fileRef = 1A03000000000000000000F3 /* SimulatorTabController.swift */; };
		1B0400000000000000000B04 /* Simulator.swift in Sources */ = {isa = PBXBuildFile; fileRef = 1A04000000000000000000F4 /* Simulator.swift */; };
		1B0500000000000000000B05 /* Simulators.swift in Sources */ = {isa = PBXBuildFile; fileRef = 1A05000000000000000000F5 /* Simulators.swift */; };
		1B0600000000000000000B06 /* DeviceHost.swift in Sources */ = {isa = PBXBuildFile; fileRef = 1A06000000000000000000F6 /* DeviceHost.swift */; };
		1B0700000000000000000B07 /* CoreSimulators.swift in Sources */ = {isa = PBXBuildFile; fileRef = 1A07000000000000000000F7 /* CoreSimulators.swift */; };
		1B0800000000000000000B08 /* CoreSimulator.swift in Sources */ = {isa = PBXBuildFile; fileRef = 1A08000000000000000000F8 /* CoreSimulator.swift */; };
		1B0900000000000000000B09 /* Screen.swift in Sources */ = {isa = PBXBuildFile; fileRef = 1A0C000000000000000000FC /* Screen.swift */; };
		1B0A00000000000000000B0A /* SimulatorKitScreen.swift in Sources */ = {isa = PBXBuildFile; fileRef = 1A0D000000000000000000FD /* SimulatorKitScreen.swift */; };
		1B0B00000000000000000B0B /* StreamView.swift in Sources */ = {isa = PBXBuildFile; fileRef = 1A0E000000000000000000FE /* StreamView.swift */; };
		1B1000000000000000001010 /* CoordinateTypes.swift in Sources */ = {isa = PBXBuildFile; fileRef = 1A10000000000000000010F0 /* CoordinateTypes.swift */; };
		1B1100000000000000001011 /* Input.swift in Sources */ = {isa = PBXBuildFile; fileRef = 1A11000000000000000010F1 /* Input.swift */; };
		1B1200000000000000001012 /* Keyboard.swift in Sources */ = {isa = PBXBuildFile; fileRef = 1A12000000000000000010F2 /* Keyboard.swift */; };
		1B1300000000000000001013 /* IOHIDDigitizerDispatch.swift in Sources */ = {isa = PBXBuildFile; fileRef = 1A13000000000000000010F3 /* IOHIDDigitizerDispatch.swift */; };
		1B1400000000000000001014 /* IndigoHIDInput.swift in Sources */ = {isa = PBXBuildFile; fileRef = 1A14000000000000000010F4 /* IndigoHIDInput.swift */; };
		1B1900000000000000001019 /* SimctlUtil.swift in Sources */ = {isa = PBXBuildFile; fileRef = 1A19000000000000000010F9 /* SimctlUtil.swift */; };
		1B1A0000000000000000101A /* NewSimulatorSheetController.swift in Sources */ = {isa = PBXBuildFile; fileRef = 1A1A000000000000000010FA /* NewSimulatorSheetController.swift */; };
		1B1B0000000000000000101B /* Settings.swift in Sources */ = {isa = PBXBuildFile; fileRef = 1A1B000000000000000010FB /* Settings.swift */; };
		1B1C0000000000000000101C /* SettingsWindowController.swift in Sources */ = {isa = PBXBuildFile; fileRef = 1A1C000000000000000010FC /* SettingsWindowController.swift */; };
/* End PBXBuildFile section */

/* Begin PBXFileReference section */
		1A01000000000000000000F1 /* main.swift */ = {isa = PBXFileReference; lastKnownFileType = sourcecode.swift; path = main.swift; sourceTree = "<group>"; };
		1A02000000000000000000F2 /* AppDelegate.swift */ = {isa = PBXFileReference; lastKnownFileType = sourcecode.swift; path = AppDelegate.swift; sourceTree = "<group>"; };
		1A03000000000000000000F3 /* SimulatorTabController.swift */ = {isa = PBXFileReference; lastKnownFileType = sourcecode.swift; path = SimulatorTabController.swift; sourceTree = "<group>"; };
		1A04000000000000000000F4 /* Simulator.swift */ = {isa = PBXFileReference; lastKnownFileType = sourcecode.swift; path = Simulator.swift; sourceTree = "<group>"; };
		1A05000000000000000000F5 /* Simulators.swift */ = {isa = PBXFileReference; lastKnownFileType = sourcecode.swift; path = Simulators.swift; sourceTree = "<group>"; };
		1A06000000000000000000F6 /* DeviceHost.swift */ = {isa = PBXFileReference; lastKnownFileType = sourcecode.swift; path = DeviceHost.swift; sourceTree = "<group>"; };
		1A07000000000000000000F7 /* CoreSimulators.swift */ = {isa = PBXFileReference; lastKnownFileType = sourcecode.swift; path = CoreSimulators.swift; sourceTree = "<group>"; };
		1A08000000000000000000F8 /* CoreSimulator.swift */ = {isa = PBXFileReference; lastKnownFileType = sourcecode.swift; path = CoreSimulator.swift; sourceTree = "<group>"; };
		1A09000000000000000000F9 /* Info.plist */ = {isa = PBXFileReference; lastKnownFileType = text.plist.xml; path = Info.plist; sourceTree = "<group>"; };
		1A0A000000000000000000FA /* Sims.entitlements */ = {isa = PBXFileReference; lastKnownFileType = text.plist.entitlements; path = Sims.entitlements; sourceTree = "<group>"; };
		1A0B000000000000000000FB /* Sims.app */ = {isa = PBXFileReference; explicitFileType = wrapper.application; includeInIndex = 0; path = Sims.app; sourceTree = BUILT_PRODUCTS_DIR; };
		1A0C000000000000000000FC /* Screen.swift */ = {isa = PBXFileReference; lastKnownFileType = sourcecode.swift; path = Screen.swift; sourceTree = "<group>"; };
		1A0D000000000000000000FD /* SimulatorKitScreen.swift */ = {isa = PBXFileReference; lastKnownFileType = sourcecode.swift; path = SimulatorKitScreen.swift; sourceTree = "<group>"; };
		1A0E000000000000000000FE /* StreamView.swift */ = {isa = PBXFileReference; lastKnownFileType = sourcecode.swift; path = StreamView.swift; sourceTree = "<group>"; };
		1A10000000000000000010F0 /* CoordinateTypes.swift */ = {isa = PBXFileReference; lastKnownFileType = sourcecode.swift; path = CoordinateTypes.swift; sourceTree = "<group>"; };
		1A11000000000000000010F1 /* Input.swift */ = {isa = PBXFileReference; lastKnownFileType = sourcecode.swift; path = Input.swift; sourceTree = "<group>"; };
		1A12000000000000000010F2 /* Keyboard.swift */ = {isa = PBXFileReference; lastKnownFileType = sourcecode.swift; path = Keyboard.swift; sourceTree = "<group>"; };
		1A13000000000000000010F3 /* IOHIDDigitizerDispatch.swift */ = {isa = PBXFileReference; lastKnownFileType = sourcecode.swift; path = IOHIDDigitizerDispatch.swift; sourceTree = "<group>"; };
		1A14000000000000000010F4 /* IndigoHIDInput.swift */ = {isa = PBXFileReference; lastKnownFileType = sourcecode.swift; path = IndigoHIDInput.swift; sourceTree = "<group>"; };
		1A19000000000000000010F9 /* SimctlUtil.swift */ = {isa = PBXFileReference; lastKnownFileType = sourcecode.swift; path = SimctlUtil.swift; sourceTree = "<group>"; };
		1A1A000000000000000010FA /* NewSimulatorSheetController.swift */ = {isa = PBXFileReference; lastKnownFileType = sourcecode.swift; path = NewSimulatorSheetController.swift; sourceTree = "<group>"; };
		1A1B000000000000000010FB /* Settings.swift */ = {isa = PBXFileReference; lastKnownFileType = sourcecode.swift; path = Settings.swift; sourceTree = "<group>"; };
		1A1C000000000000000010FC /* SettingsWindowController.swift */ = {isa = PBXFileReference; lastKnownFileType = sourcecode.swift; path = SettingsWindowController.swift; sourceTree = "<group>"; };
		1A20000000000000000020F0 /* Sims.xcconfig */ = {isa = PBXFileReference; lastKnownFileType = text.xcconfig; path = Sims.xcconfig; sourceTree = "<group>"; };
		1A21000000000000000020F1 /* Local.xcconfig.example */ = {isa = PBXFileReference; lastKnownFileType = text; path = Local.xcconfig.example; sourceTree = "<group>"; };
/* End PBXFileReference section */

/* Begin PBXFrameworksBuildPhase section */
		1D02000000000000000D0002 /* Frameworks */ = {
			isa = PBXFrameworksBuildPhase;
			buildActionMask = 2147483647;
			files = (
			);
			runOnlyForDeploymentPostprocessing = 0;
		};
/* End PBXFrameworksBuildPhase section */

/* Begin PBXGroup section */
		1C01000000000000000C0001 = {
			isa = PBXGroup;
			children = (
				1C02000000000000000C0002 /* Sims */,
				1C08000000000000000C0008 /* Products */,
			);
			sourceTree = "<group>";
		};
		1C02000000000000000C0002 /* Sims */ = {
			isa = PBXGroup;
			children = (
				1C03000000000000000C0003 /* App */,
				1C04000000000000000C0004 /* Domain */,
				1C06000000000000000C0006 /* Infrastructure */,
				1A09000000000000000000F9 /* Info.plist */,
				1A0A000000000000000000FA /* Sims.entitlements */,
				1A20000000000000000020F0 /* Sims.xcconfig */,
				1A21000000000000000020F1 /* Local.xcconfig.example */,
			);
			path = Sims;
			sourceTree = "<group>";
		};
		1C03000000000000000C0003 /* App */ = {
			isa = PBXGroup;
			children = (
				1A01000000000000000000F1 /* main.swift */,
				1A02000000000000000000F2 /* AppDelegate.swift */,
				1A03000000000000000000F3 /* SimulatorTabController.swift */,
				1A0E000000000000000000FE /* StreamView.swift */,
				1A19000000000000000010F9 /* SimctlUtil.swift */,
				1A1A000000000000000010FA /* NewSimulatorSheetController.swift */,
				1A1B000000000000000010FB /* Settings.swift */,
				1A1C000000000000000010FC /* SettingsWindowController.swift */,
			);
			path = App;
			sourceTree = "<group>";
		};
		1C04000000000000000C0004 /* Domain */ = {
			isa = PBXGroup;
			children = (
				1C05000000000000000C0005 /* Simulator */,
				1C09000000000000000C0009 /* Screen */,
				1C0B00000000000000000C0B /* Input */,
			);
			path = Domain;
			sourceTree = "<group>";
		};
		1C05000000000000000C0005 /* Simulator */ = {
			isa = PBXGroup;
			children = (
				1A04000000000000000000F4 /* Simulator.swift */,
				1A05000000000000000000F5 /* Simulators.swift */,
				1A06000000000000000000F6 /* DeviceHost.swift */,
			);
			path = Simulator;
			sourceTree = "<group>";
		};
		1C06000000000000000C0006 /* Infrastructure */ = {
			isa = PBXGroup;
			children = (
				1C07000000000000000C0007 /* Simulator */,
				1C0A00000000000000000C0A /* Screen */,
				1C0C00000000000000000C0C /* Input */,
			);
			path = Infrastructure;
			sourceTree = "<group>";
		};
		1C07000000000000000C0007 /* Simulator */ = {
			isa = PBXGroup;
			children = (
				1A07000000000000000000F7 /* CoreSimulators.swift */,
				1A08000000000000000000F8 /* CoreSimulator.swift */,
			);
			path = Simulator;
			sourceTree = "<group>";
		};
		1C08000000000000000C0008 /* Products */ = {
			isa = PBXGroup;
			children = (
				1A0B000000000000000000FB /* Sims.app */,
			);
			name = Products;
			sourceTree = "<group>";
		};
		1C09000000000000000C0009 /* Screen */ = {
			isa = PBXGroup;
			children = (
				1A0C000000000000000000FC /* Screen.swift */,
			);
			path = Screen;
			sourceTree = "<group>";
		};
		1C0A00000000000000000C0A /* Screen */ = {
			isa = PBXGroup;
			children = (
				1A0D000000000000000000FD /* SimulatorKitScreen.swift */,
			);
			path = Screen;
			sourceTree = "<group>";
		};
		1C0B00000000000000000C0B /* Input */ = {
			isa = PBXGroup;
			children = (
				1A10000000000000000010F0 /* CoordinateTypes.swift */,
				1A11000000000000000010F1 /* Input.swift */,
				1A12000000000000000010F2 /* Keyboard.swift */,
			);
			path = Input;
			sourceTree = "<group>";
		};
		1C0C00000000000000000C0C /* Input */ = {
			isa = PBXGroup;
			children = (
				1A13000000000000000010F3 /* IOHIDDigitizerDispatch.swift */,
				1A14000000000000000010F4 /* IndigoHIDInput.swift */,
			);
			path = Input;
			sourceTree = "<group>";
		};
/* End PBXGroup section */

/* Begin PBXNativeTarget section */
		1E02000000000000000E0002 /* Sims */ = {
			isa = PBXNativeTarget;
			buildConfigurationList = 2A02000000000000002A0002 /* Build configuration list for PBXNativeTarget "Sims" */;
			buildPhases = (
				1D01000000000000000D0001 /* Sources */,
				1D02000000000000000D0002 /* Frameworks */,
				1D03000000000000000D0003 /* Resources */,
			);
			buildRules = (
			);
			dependencies = (
			);
			name = Sims;
			productName = Sims;
			productReference = 1A0B000000000000000000FB /* Sims.app */;
			productType = "com.apple.product-type.application";
		};
/* End PBXNativeTarget section */

/* Begin PBXProject section */
		1E01000000000000000E0001 /* Project object */ = {
			isa = PBXProject;
			attributes = {
				BuildIndependentTargetsInParallel = YES;
				LastSwiftUpdateCheck = 1600;
				LastUpgradeCheck = 1600;
				TargetAttributes = {
					1E02000000000000000E0002 = {
						CreatedOnToolsVersion = 16.0;
					};
				};
			};
			buildConfigurationList = 2A01000000000000002A0001 /* Build configuration list for PBXProject "Sims" */;
			compatibilityVersion = "Xcode 15.0";
			developmentRegion = en;
			hasScannedForEncodings = 0;
			knownRegions = (
				en,
				Base,
			);
			mainGroup = 1C01000000000000000C0001;
			productRefGroup = 1C08000000000000000C0008 /* Products */;
			projectDirPath = "";
			projectRoot = "";
			targets = (
				1E02000000000000000E0002 /* Sims */,
			);
		};
/* End PBXProject section */

/* Begin PBXResourcesBuildPhase section */
		1D03000000000000000D0003 /* Resources */ = {
			isa = PBXResourcesBuildPhase;
			buildActionMask = 2147483647;
			files = (
			);
			runOnlyForDeploymentPostprocessing = 0;
		};
/* End PBXResourcesBuildPhase section */

/* Begin PBXSourcesBuildPhase section */
		1D01000000000000000D0001 /* Sources */ = {
			isa = PBXSourcesBuildPhase;
			buildActionMask = 2147483647;
			files = (
				1B0100000000000000000B01 /* main.swift in Sources */,
				1B0200000000000000000B02 /* AppDelegate.swift in Sources */,
				1B0300000000000000000B03 /* SimulatorTabController.swift in Sources */,
				1B0400000000000000000B04 /* Simulator.swift in Sources */,
				1B0500000000000000000B05 /* Simulators.swift in Sources */,
				1B0600000000000000000B06 /* DeviceHost.swift in Sources */,
				1B0700000000000000000B07 /* CoreSimulators.swift in Sources */,
				1B0800000000000000000B08 /* CoreSimulator.swift in Sources */,
				1B0900000000000000000B09 /* Screen.swift in Sources */,
				1B0A00000000000000000B0A /* SimulatorKitScreen.swift in Sources */,
				1B0B00000000000000000B0B /* StreamView.swift in Sources */,
				1B1000000000000000001010 /* CoordinateTypes.swift in Sources */,
				1B1100000000000000001011 /* Input.swift in Sources */,
				1B1200000000000000001012 /* Keyboard.swift in Sources */,
				1B1300000000000000001013 /* IOHIDDigitizerDispatch.swift in Sources */,
				1B1400000000000000001014 /* IndigoHIDInput.swift in Sources */,
				1B1900000000000000001019 /* SimctlUtil.swift in Sources */,
				1B1A0000000000000000101A /* NewSimulatorSheetController.swift in Sources */,
				1B1B0000000000000000101B /* Settings.swift in Sources */,
				1B1C0000000000000000101C /* SettingsWindowController.swift in Sources */,
			);
			runOnlyForDeploymentPostprocessing = 0;
		};
/* End PBXSourcesBuildPhase section */

/* Begin XCBuildConfiguration section */
		1F01000000000000000F0001 /* Debug */ = {
			isa = XCBuildConfiguration;
			buildSettings = {
				ALWAYS_SEARCH_USER_PATHS = NO;
				CLANG_ANALYZER_NONNULL = YES;
				CLANG_ANALYZER_NUMBER_OBJECT_CONVERSION = YES_AGGRESSIVE;
				CLANG_ENABLE_MODULES = YES;
				CLANG_ENABLE_OBJC_ARC = YES;
				CLANG_WARN_BLOCK_CAPTURE_AUTORELEASING = YES;
				CLANG_WARN_BOOL_CONVERSION = YES;
				CLANG_WARN_DEPRECATED_OBJC_IMPLEMENTATIONS = YES;
				CLANG_WARN_DIRECT_OBJC_ISA_USAGE = YES_ERROR;
				CLANG_WARN_EMPTY_BODY = YES;
				CLANG_WARN_ENUM_CONVERSION = YES;
				CLANG_WARN_INFINITE_RECURSION = YES;
				CLANG_WARN_INT_CONVERSION = YES;
				CLANG_WARN_OBJC_LITERAL_CONVERSION = YES;
				CLANG_WARN_OBJC_ROOT_CLASS = YES_ERROR;
				CLANG_WARN_SUSPICIOUS_MOVE = YES;
				CLANG_WARN_UNREACHABLE_CODE = YES;
				CLANG_WARN__DUPLICATE_METHOD_MATCH = YES;
				COPY_PHASE_STRIP = NO;
				DEBUG_INFORMATION_FORMAT = dwarf;
				ENABLE_STRICT_OBJC_MSGSEND = YES;
				ENABLE_TESTABILITY = YES;
				GCC_C_LANGUAGE_STANDARD = gnu17;
				GCC_DYNAMIC_NO_PIC = NO;
				GCC_NO_COMMON_BLOCKS = YES;
				GCC_OPTIMIZATION_LEVEL = 0;
				GCC_PREPROCESSOR_DEFINITIONS = (
					"DEBUG=1",
					"$(inherited)",
				);
				GCC_WARN_64_TO_32_BIT_CONVERSION = YES;
				GCC_WARN_ABOUT_RETURN_TYPE = YES_ERROR;
				GCC_WARN_UNDECLARED_SELECTOR = YES;
				GCC_WARN_UNINITIALIZED_AUTOS = YES_AGGRESSIVE;
				GCC_WARN_UNUSED_FUNCTION = YES;
				GCC_WARN_UNUSED_VARIABLE = YES;
				MACOSX_DEPLOYMENT_TARGET = 15.0;
				MTL_ENABLE_DEBUG_INFO = INCLUDE_SOURCE;
				MTL_FAST_MATH = YES;
				ONLY_ACTIVE_ARCH = YES;
				SDKROOT = macosx;
				SWIFT_ACTIVE_COMPILATION_CONDITIONS = "DEBUG $(inherited)";
				SWIFT_OPTIMIZATION_LEVEL = "-Onone";
				SWIFT_STRICT_CONCURRENCY = complete;
				SWIFT_VERSION = 6.0;
			};
			name = Debug;
		};
		1F02000000000000000F0002 /* Release */ = {
			isa = XCBuildConfiguration;
			buildSettings = {
				ALWAYS_SEARCH_USER_PATHS = NO;
				CLANG_ANALYZER_NONNULL = YES;
				CLANG_ANALYZER_NUMBER_OBJECT_CONVERSION = YES_AGGRESSIVE;
				CLANG_ENABLE_MODULES = YES;
				CLANG_ENABLE_OBJC_ARC = YES;
				CLANG_WARN_BLOCK_CAPTURE_AUTORELEASING = YES;
				CLANG_WARN_BOOL_CONVERSION = YES;
				CLANG_WARN_DEPRECATED_OBJC_IMPLEMENTATIONS = YES;
				CLANG_WARN_DIRECT_OBJC_ISA_USAGE = YES_ERROR;
				CLANG_WARN_EMPTY_BODY = YES;
				CLANG_WARN_ENUM_CONVERSION = YES;
				CLANG_WARN_INFINITE_RECURSION = YES;
				CLANG_WARN_INT_CONVERSION = YES;
				CLANG_WARN_OBJC_LITERAL_CONVERSION = YES;
				CLANG_WARN_OBJC_ROOT_CLASS = YES_ERROR;
				CLANG_WARN_SUSPICIOUS_MOVE = YES;
				CLANG_WARN_UNREACHABLE_CODE = YES;
				CLANG_WARN__DUPLICATE_METHOD_MATCH = YES;
				COPY_PHASE_STRIP = NO;
				DEBUG_INFORMATION_FORMAT = "dwarf-with-dsym";
				ENABLE_NS_ASSERTIONS = NO;
				ENABLE_STRICT_OBJC_MSGSEND = YES;
				GCC_C_LANGUAGE_STANDARD = gnu17;
				GCC_NO_COMMON_BLOCKS = YES;
				GCC_WARN_64_TO_32_BIT_CONVERSION = YES;
				GCC_WARN_ABOUT_RETURN_TYPE = YES_ERROR;
				GCC_WARN_UNDECLARED_SELECTOR = YES;
				GCC_WARN_UNINITIALIZED_AUTOS = YES_AGGRESSIVE;
				GCC_WARN_UNUSED_FUNCTION = YES;
				GCC_WARN_UNUSED_VARIABLE = YES;
				MACOSX_DEPLOYMENT_TARGET = 15.0;
				MTL_ENABLE_DEBUG_INFO = NO;
				MTL_FAST_MATH = YES;
				SDKROOT = macosx;
				SWIFT_COMPILATION_MODE = wholemodule;
				SWIFT_OPTIMIZATION_LEVEL = "-O";
				SWIFT_STRICT_CONCURRENCY = complete;
				SWIFT_VERSION = 6.0;
			};
			name = Release;
		};
		1F03000000000000000F0003 /* Debug */ = {
			isa = XCBuildConfiguration;
			baseConfigurationReference = 1A20000000000000000020F0 /* Sims.xcconfig */;
			buildSettings = {
				CODE_SIGN_ENTITLEMENTS = Sims/Sims.entitlements;
				CODE_SIGN_IDENTITY = "-";
				CODE_SIGN_STYLE = Manual;
				COMBINE_HIDPI_IMAGES = YES;
				ENABLE_HARDENED_RUNTIME = NO;
				GENERATE_INFOPLIST_FILE = NO;
				INFOPLIST_FILE = Sims/Info.plist;
				LD_RUNPATH_SEARCH_PATHS = (
					"$(inherited)",
					"@executable_path/../Frameworks",
				);
				PRODUCT_NAME = Sims;
				PROVISIONING_PROFILE_SPECIFIER = "";
				SWIFT_EMIT_LOC_STRINGS = YES;
			};
			name = Debug;
		};
		1F04000000000000000F0004 /* Release */ = {
			isa = XCBuildConfiguration;
			baseConfigurationReference = 1A20000000000000000020F0 /* Sims.xcconfig */;
			buildSettings = {
				CODE_SIGN_ENTITLEMENTS = Sims/Sims.entitlements;
				CODE_SIGN_IDENTITY = "Developer ID Application";
				CODE_SIGN_STYLE = Manual;
				COMBINE_HIDPI_IMAGES = YES;
				ENABLE_HARDENED_RUNTIME = YES;
				GENERATE_INFOPLIST_FILE = NO;
				INFOPLIST_FILE = Sims/Info.plist;
				LD_RUNPATH_SEARCH_PATHS = (
					"$(inherited)",
					"@executable_path/../Frameworks",
				);
				PRODUCT_NAME = Sims;
				PROVISIONING_PROFILE_SPECIFIER = "";
				SWIFT_EMIT_LOC_STRINGS = YES;
			};
			name = Release;
		};
/* End XCBuildConfiguration section */

/* Begin XCConfigurationList section */
		2A01000000000000002A0001 /* Build configuration list for PBXProject "Sims" */ = {
			isa = XCConfigurationList;
			buildConfigurations = (
				1F01000000000000000F0001 /* Debug */,
				1F02000000000000000F0002 /* Release */,
			);
			defaultConfigurationIsVisible = 0;
			defaultConfigurationName = Release;
		};
		2A02000000000000002A0002 /* Build configuration list for PBXNativeTarget "Sims" */ = {
			isa = XCConfigurationList;
			buildConfigurations = (
				1F03000000000000000F0003 /* Debug */,
				1F04000000000000000F0004 /* Release */,
			);
			defaultConfigurationIsVisible = 0;
			defaultConfigurationName = Release;
		};
/* End XCConfigurationList section */
	};
	rootObject = 1E01000000000000000E0001 /* Project object */;
}
